// !$*UTF8*$!
{
	archiveVersion = 1;
	classes = {
	};
	objectVersion = 46;
	objects = {

/* Begin PBXBuildFile section */
		9B16F9B61CCF010000053A9B /* AppDelegate.swift in Sources */ = {isa = PBXBuildFile; fileRef = 9B16F9B51CCF010000053A9B /* AppDelegate.swift */; };
		9B16F9B81CCF010000053A9B /* Level1.sks in Resources */ = {isa = PBXBuildFile; fileRef = 9B16F9B71CCF010000053A9B /* Level1.sks */; };
		9B16F9BA1CCF010000053A9B /* GameScene.swift in Sources */ = {isa = PBXBuildFile; fileRef = 9B16F9B91CCF010000053A9B /* GameScene.swift */; };
		9B16F9BC1CCF010000053A9B /* GameViewController.swift in Sources */ = {isa = PBXBuildFile; fileRef = 9B16F9BB1CCF010000053A9B /* GameViewController.swift */; };
		9B16F9BF1CCF010000053A9B /* Main.storyboard in Resources */ = {isa = PBXBuildFile; fileRef = 9B16F9BD1CCF010000053A9B /* Main.storyboard */; };
		9B16F9C11CCF010000053A9B /* Assets.xcassets in Resources */ = {isa = PBXBuildFile; fileRef = 9B16F9C01CCF010000053A9B /* Assets.xcassets */; };
		9B16F9C41CCF010000053A9B /* LaunchScreen.storyboard in Resources */ = {isa = PBXBuildFile; fileRef = 9B16F9C21CCF010000053A9B /* LaunchScreen.storyboard */; };
		9B16F9D11CCF01C400053A9B /* backgroundMusic.mp3 in Resources */ = {isa = PBXBuildFile; fileRef = 9B16F9CC1CCF01C400053A9B /* backgroundMusic.mp3 */; };
		9B16F9D21CCF01C400053A9B /* lose.mp3 in Resources */ = {isa = PBXBuildFile; fileRef = 9B16F9CD1CCF01C400053A9B /* lose.mp3 */; };
		9B16F9D31CCF01C400053A9B /* mrreow.mp3 in Resources */ = {isa = PBXBuildFile; fileRef = 9B16F9CE1CCF01C400053A9B /* mrreow.mp3 */; };
		9B16F9D41CCF01C400053A9B /* pop.mp3 in Resources */ = {isa = PBXBuildFile; fileRef = 9B16F9CF1CCF01C400053A9B /* pop.mp3 */; };
		9B16F9D51CCF01C400053A9B /* win.mp3 in Resources */ = {isa = PBXBuildFile; fileRef = 9B16F9D01CCF01C400053A9B /* win.mp3 */; };
		9B16F9D81CCF048B00053A9B /* Cat.sks in Resources */ = {isa = PBXBuildFile; fileRef = 9B16F9D71CCF048B00053A9B /* Cat.sks */; };
		9B16F9DA1CCF0A0400053A9B /* CatCurl.sks in Resources */ = {isa = PBXBuildFile; fileRef = 9B16F9D91CCF0A0400053A9B /* CatCurl.sks */; };
		9B16F9DC1CCF0C7A00053A9B /* CatWakeUp.sks in Resources */ = {isa = PBXBuildFile; fileRef = 9B16F9DB1CCF0C7A00053A9B /* CatWakeUp.sks */; };
		9B29EEF81CCFDE31002ED208 /* BedNode.swift in Sources */ = {isa = PBXBuildFile; fileRef = 9B29EEF71CCFDE31002ED208 /* BedNode.swift */; };
		9B29EEFC1CCFE146002ED208 /* CatNode.swift in Sources */ = {isa = PBXBuildFile; fileRef = 9B29EEFB1CCFE146002ED208 /* CatNode.swift */; };
		9B5A8EAD1CD009D60031A628 /* CGFloat+Extensions.swift in Sources */ = {isa = PBXBuildFile; fileRef = 9B5A8EA11CD009D60031A628 /* CGFloat+Extensions.swift */; };
		9B5A8EAE1CD009D60031A628 /* CGPoint+Extensions.swift in Sources */ = {isa = PBXBuildFile; fileRef = 9B5A8EA21CD009D60031A628 /* CGPoint+Extensions.swift */; };
		9B5A8EAF1CD009D60031A628 /* CGVector+Extensions.swift in Sources */ = {isa = PBXBuildFile; fileRef = 9B5A8EA31CD009D60031A628 /* CGVector+Extensions.swift */; };
		9B5A8EB01CD009D60031A628 /* Int+Extensions.swift in Sources */ = {isa = PBXBuildFile; fileRef = 9B5A8EA41CD009D60031A628 /* Int+Extensions.swift */; };
		9B5A8EB11CD009D60031A628 /* SKAction+Extensions.swift in Sources */ = {isa = PBXBuildFile; fileRef = 9B5A8EA51CD009D60031A628 /* SKAction+Extensions.swift */; };
		9B5A8EB21CD009D60031A628 /* SKAction+SpecialEffects.swift in Sources */ = {isa = PBXBuildFile; fileRef = 9B5A8EA61CD009D60031A628 /* SKAction+SpecialEffects.swift */; };
		9B5A8EB31CD009D60031A628 /* SKColor+Extensions.swift in Sources */ = {isa = PBXBuildFile; fileRef = 9B5A8EA71CD009D60031A628 /* SKColor+Extensions.swift */; };
		9B5A8EB41CD009D60031A628 /* SKNode+Extensions.swift in Sources */ = {isa = PBXBuildFile; fileRef = 9B5A8EA81CD009D60031A628 /* SKNode+Extensions.swift */; };
		9B5A8EB51CD009D60031A628 /* SKTAudio.swift in Sources */ = {isa = PBXBuildFile; fileRef = 9B5A8EA91CD009D60031A628 /* SKTAudio.swift */; };
		9B5A8EB61CD009D60031A628 /* SKTEffects.swift in Sources */ = {isa = PBXBuildFile; fileRef = 9B5A8EAA1CD009D60031A628 /* SKTEffects.swift */; };
		9B5A8EB71CD009D60031A628 /* SKTTimingFunctions.swift in Sources */ = {isa = PBXBuildFile; fileRef = 9B5A8EAB1CD009D60031A628 /* SKTTimingFunctions.swift */; };
		9B5A8EB81CD009D60031A628 /* Vector3.swift in Sources */ = {isa = PBXBuildFile; fileRef = 9B5A8EAC1CD009D60031A628 /* Vector3.swift */; };
		9B5A8EBA1CD1537A0031A628 /* BlockNode.swift in Sources */ = {isa = PBXBuildFile; fileRef = 9B5A8EB91CD1537A0031A628 /* BlockNode.swift */; };
		9B5A8EBC1CD156D70031A628 /* MessageNode.swift in Sources */ = {isa = PBXBuildFile; fileRef = 9B5A8EBB1CD156D70031A628 /* MessageNode.swift */; };
		9B5A8EBE1CD190E80031A628 /* Level2.sks in Resources */ = {isa = PBXBuildFile; fileRef = 9B5A8EBD1CD190E80031A628 /* Level2.sks */; };
		9B5A8EC01CD1924A0031A628 /* SpringNode.swift in Sources */ = {isa = PBXBuildFile; fileRef = 9B5A8EBF1CD1924A0031A628 /* SpringNode.swift */; };
		9B5A8EC21CD195270031A628 /* HookNode.swift in Sources */ = {isa = PBXBuildFile; fileRef = 9B5A8EC11CD195270031A628 /* HookNode.swift */; };
/* End PBXBuildFile section */

/* Begin PBXFileReference section */
		9B16F9B21CCF010000053A9B /* CatNap.app */ = {isa = PBXFileReference; explicitFileType = wrapper.application; includeInIndex = 0; path = CatNap.app; sourceTree = BUILT_PRODUCTS_DIR; };
		9B16F9B51CCF010000053A9B /* AppDelegate.swift */ = {isa = PBXFileReference; lastKnownFileType = sourcecode.swift; path = AppDelegate.swift; sourceTree = "<group>"; };
		9B16F9B71CCF010000053A9B /* Level1.sks */ = {isa = PBXFileReference; lastKnownFileType = file.sks; path = Level1.sks; sourceTree = "<group>"; };
		9B16F9B91CCF010000053A9B /* GameScene.swift */ = {isa = PBXFileReference; lastKnownFileType = sourcecode.swift; path = GameScene.swift; sourceTree = "<group>"; };
		9B16F9BB1CCF010000053A9B /* GameViewController.swift */ = {isa = PBXFileReference; lastKnownFileType = sourcecode.swift; path = GameViewController.swift; sourceTree = "<group>"; };
		9B16F9BE1CCF010000053A9B /* Base */ = {isa = PBXFileReference; lastKnownFileType = file.storyboard; name = Base; path = Base.lproj/Main.storyboard; sourceTree = "<group>"; };
		9B16F9C01CCF010000053A9B /* Assets.xcassets */ = {isa = PBXFileReference; lastKnownFileType = folder.assetcatalog; path = Assets.xcassets; sourceTree = "<group>"; };
		9B16F9C31CCF010000053A9B /* Base */ = {isa = PBXFileReference; lastKnownFileType = file.storyboard; name = Base; path = Base.lproj/LaunchScreen.storyboard; sourceTree = "<group>"; };
		9B16F9C51CCF010000053A9B /* Info.plist */ = {isa = PBXFileReference; lastKnownFileType = text.plist.xml; path = Info.plist; sourceTree = "<group>"; };
		9B16F9CC1CCF01C400053A9B /* backgroundMusic.mp3 */ = {isa = PBXFileReference; lastKnownFileType = audio.mp3; path = backgroundMusic.mp3; sourceTree = "<group>"; };
		9B16F9CD1CCF01C400053A9B /* lose.mp3 */ = {isa = PBXFileReference; lastKnownFileType = audio.mp3; path = lose.mp3; sourceTree = "<group>"; };
		9B16F9CE1CCF01C400053A9B /* mrreow.mp3 */ = {isa = PBXFileReference; lastKnownFileType = audio.mp3; path = mrreow.mp3; sourceTree = "<group>"; };
		9B16F9CF1CCF01C400053A9B /* pop.mp3 */ = {isa = PBXFileReference; lastKnownFileType = audio.mp3; path = pop.mp3; sourceTree = "<group>"; };
		9B16F9D01CCF01C400053A9B /* win.mp3 */ = {isa = PBXFileReference; lastKnownFileType = audio.mp3; path = win.mp3; sourceTree = "<group>"; };
		9B16F9D71CCF048B00053A9B /* Cat.sks */ = {isa = PBXFileReference; lastKnownFileType = file.sks; path = Cat.sks; sourceTree = "<group>"; };
		9B16F9D91CCF0A0400053A9B /* CatCurl.sks */ = {isa = PBXFileReference; lastKnownFileType = file.sks; path = CatCurl.sks; sourceTree = "<group>"; };
		9B16F9DB1CCF0C7A00053A9B /* CatWakeUp.sks */ = {isa = PBXFileReference; lastKnownFileType = file.sks; path = CatWakeUp.sks; sourceTree = "<group>"; };
		9B29EEF71CCFDE31002ED208 /* BedNode.swift */ = {isa = PBXFileReference; fileEncoding = 4; lastKnownFileType = sourcecode.swift; path = BedNode.swift; sourceTree = "<group>"; };
		9B29EEFB1CCFE146002ED208 /* CatNode.swift */ = {isa = PBXFileReference; fileEncoding = 4; lastKnownFileType = sourcecode.swift; path = CatNode.swift; sourceTree = "<group>"; };
		9B5A8EA11CD009D60031A628 /* CGFloat+Extensions.swift */ = {isa = PBXFileReference; fileEncoding = 4; lastKnownFileType = sourcecode.swift; path = "CGFloat+Extensions.swift"; sourceTree = "<group>"; };
		9B5A8EA21CD009D60031A628 /* CGPoint+Extensions.swift */ = {isa = PBXFileReference; fileEncoding = 4; lastKnownFileType = sourcecode.swift; path = "CGPoint+Extensions.swift"; sourceTree = "<group>"; };
		9B5A8EA31CD009D60031A628 /* CGVector+Extensions.swift */ = {isa = PBXFileReference; fileEncoding = 4; lastKnownFileType = sourcecode.swift; path = "CGVector+Extensions.swift"; sourceTree = "<group>"; };
		9B5A8EA41CD009D60031A628 /* Int+Extensions.swift */ = {isa = PBXFileReference; fileEncoding = 4; lastKnownFileType = sourcecode.swift; path = "Int+Extensions.swift"; sourceTree = "<group>"; };
		9B5A8EA51CD009D60031A628 /* SKAction+Extensions.swift */ = {isa = PBXFileReference; fileEncoding = 4; lastKnownFileType = sourcecode.swift; path = "SKAction+Extensions.swift"; sourceTree = "<group>"; };
		9B5A8EA61CD009D60031A628 /* SKAction+SpecialEffects.swift */ = {isa = PBXFileReference; fileEncoding = 4; lastKnownFileType = sourcecode.swift; path = "SKAction+SpecialEffects.swift"; sourceTree = "<group>"; };
		9B5A8EA71CD009D60031A628 /* SKColor+Extensions.swift */ = {isa = PBXFileReference; fileEncoding = 4; lastKnownFileType = sourcecode.swift; path = "SKColor+Extensions.swift"; sourceTree = "<group>"; };
		9B5A8EA81CD009D60031A628 /* SKNode+Extensions.swift */ = {isa = PBXFileReference; fileEncoding = 4; lastKnownFileType = sourcecode.swift; path = "SKNode+Extensions.swift"; sourceTree = "<group>"; };
		9B5A8EA91CD009D60031A628 /* SKTAudio.swift */ = {isa = PBXFileReference; fileEncoding = 4; lastKnownFileType = sourcecode.swift; path = SKTAudio.swift; sourceTree = "<group>"; };
		9B5A8EAA1CD009D60031A628 /* SKTEffects.swift */ = {isa = PBXFileReference; fileEncoding = 4; lastKnownFileType = sourcecode.swift; path = SKTEffects.swift; sourceTree = "<group>"; };
		9B5A8EAB1CD009D60031A628 /* SKTTimingFunctions.swift */ = {isa = PBXFileReference; fileEncoding = 4; lastKnownFileType = sourcecode.swift; path = SKTTimingFunctions.swift; sourceTree = "<group>"; };
		9B5A8EAC1CD009D60031A628 /* Vector3.swift */ = {isa = PBXFileReference; fileEncoding = 4; lastKnownFileType = sourcecode.swift; path = Vector3.swift; sourceTree = "<group>"; };
		9B5A8EB91CD1537A0031A628 /* BlockNode.swift */ = {isa = PBXFileReference; fileEncoding = 4; lastKnownFileType = sourcecode.swift; path = BlockNode.swift; sourceTree = "<group>"; };
		9B5A8EBB1CD156D70031A628 /* MessageNode.swift */ = {isa = PBXFileReference; fileEncoding = 4; lastKnownFileType = sourcecode.swift; path = MessageNode.swift; sourceTree = "<group>"; };
		9B5A8EBD1CD190E80031A628 /* Level2.sks */ = {isa = PBXFileReference; lastKnownFileType = file.sks; path = Level2.sks; sourceTree = "<group>"; };
		9B5A8EBF1CD1924A0031A628 /* SpringNode.swift */ = {isa = PBXFileReference; fileEncoding = 4; lastKnownFileType = sourcecode.swift; path = SpringNode.swift; sourceTree = "<group>"; };
		9B5A8EC11CD195270031A628 /* HookNode.swift */ = {isa = PBXFileReference; fileEncoding = 4; lastKnownFileType = sourcecode.swift; path = HookNode.swift; sourceTree = "<group>"; };
/* End PBXFileReference section */

/* Begin PBXFrameworksBuildPhase section */
		9B16F9AF1CCF010000053A9B /* Frameworks */ = {
			isa = PBXFrameworksBuildPhase;
			buildActionMask = 2147483647;
			files = (
			);
			runOnlyForDeploymentPostprocessing = 0;
		};
/* End PBXFrameworksBuildPhase section */

/* Begin PBXGroup section */
		9B16F9A91CCF010000053A9B = {
			isa = PBXGroup;
			children = (
				9B16F9B41CCF010000053A9B /* CatNap */,
				9B16F9B31CCF010000053A9B /* Products */,
			);
			sourceTree = "<group>";
		};
		9B16F9B31CCF010000053A9B /* Products */ = {
			isa = PBXGroup;
			children = (
				9B16F9B21CCF010000053A9B /* CatNap.app */,
			);
			name = Products;
			sourceTree = "<group>";
		};
		9B16F9B41CCF010000053A9B /* CatNap */ = {
			isa = PBXGroup;
			children = (
				9B5A8EA01CD009D60031A628 /* SKTUtils */,
				9B16F9D61CCF046300053A9B /* Scenes */,
				9B16F9CB1CCF01C400053A9B /* Sounds */,
				9B16F9B51CCF010000053A9B /* AppDelegate.swift */,
				9B5A8EBF1CD1924A0031A628 /* SpringNode.swift */,
				9B5A8EC11CD195270031A628 /* HookNode.swift */,
				9B16F9B91CCF010000053A9B /* GameScene.swift */,
				9B5A8EBB1CD156D70031A628 /* MessageNode.swift */,
				9B5A8EB91CD1537A0031A628 /* BlockNode.swift */,
				9B29EEF71CCFDE31002ED208 /* BedNode.swift */,
				9B29EEFB1CCFE146002ED208 /* CatNode.swift */,
				9B16F9BB1CCF010000053A9B /* GameViewController.swift */,
				9B16F9BD1CCF010000053A9B /* Main.storyboard */,
				9B16F9C01CCF010000053A9B /* Assets.xcassets */,
				9B16F9C21CCF010000053A9B /* LaunchScreen.storyboard */,
				9B16F9C51CCF010000053A9B /* Info.plist */,
			);
			path = CatNap;
			sourceTree = "<group>";
		};
		9B16F9CB1CCF01C400053A9B /* Sounds */ = {
			isa = PBXGroup;
			children = (
				9B16F9CC1CCF01C400053A9B /* backgroundMusic.mp3 */,
				9B16F9CD1CCF01C400053A9B /* lose.mp3 */,
				9B16F9CE1CCF01C400053A9B /* mrreow.mp3 */,
				9B16F9CF1CCF01C400053A9B /* pop.mp3 */,
				9B16F9D01CCF01C400053A9B /* win.mp3 */,
			);
			path = Sounds;
			sourceTree = "<group>";
		};
		9B16F9D61CCF046300053A9B /* Scenes */ = {
			isa = PBXGroup;
			children = (
				9B16F9B71CCF010000053A9B /* Level1.sks */,
				9B16F9D71CCF048B00053A9B /* Cat.sks */,
				9B16F9D91CCF0A0400053A9B /* CatCurl.sks */,
				9B16F9DB1CCF0C7A00053A9B /* CatWakeUp.sks */,
				9B5A8EBD1CD190E80031A628 /* Level2.sks */,
			);
			name = Scenes;
			sourceTree = "<group>";
		};
		9B5A8EA01CD009D60031A628 /* SKTUtils */ = {
			isa = PBXGroup;
			children = (
				9B5A8EA11CD009D60031A628 /* CGFloat+Extensions.swift */,
				9B5A8EA21CD009D60031A628 /* CGPoint+Extensions.swift */,
				9B5A8EA31CD009D60031A628 /* CGVector+Extensions.swift */,
				9B5A8EA41CD009D60031A628 /* Int+Extensions.swift */,
				9B5A8EA51CD009D60031A628 /* SKAction+Extensions.swift */,
				9B5A8EA61CD009D60031A628 /* SKAction+SpecialEffects.swift */,
				9B5A8EA71CD009D60031A628 /* SKColor+Extensions.swift */,
				9B5A8EA81CD009D60031A628 /* SKNode+Extensions.swift */,
				9B5A8EA91CD009D60031A628 /* SKTAudio.swift */,
				9B5A8EAA1CD009D60031A628 /* SKTEffects.swift */,
				9B5A8EAB1CD009D60031A628 /* SKTTimingFunctions.swift */,
				9B5A8EAC1CD009D60031A628 /* Vector3.swift */,
			);
			path = SKTUtils;
			sourceTree = "<group>";
		};
/* End PBXGroup section */

/* Begin PBXNativeTarget section */
		9B16F9B11CCF010000053A9B /* CatNap */ = {
			isa = PBXNativeTarget;
			buildConfigurationList = 9B16F9C81CCF010000053A9B /* Build configuration list for PBXNativeTarget "CatNap" */;
			buildPhases = (
				9B16F9AE1CCF010000053A9B /* Sources */,
				9B16F9AF1CCF010000053A9B /* Frameworks */,
				9B16F9B01CCF010000053A9B /* Resources */,
			);
			buildRules = (
			);
			dependencies = (
			);
			name = CatNap;
			productName = CatNap;
			productReference = 9B16F9B21CCF010000053A9B /* CatNap.app */;
			productType = "com.apple.product-type.application";
		};
/* End PBXNativeTarget section */

/* Begin PBXProject section */
		9B16F9AA1CCF010000053A9B /* Project object */ = {
			isa = PBXProject;
			attributes = {
				LastSwiftUpdateCheck = 0730;
				LastUpgradeCheck = 0730;
				ORGANIZATIONNAME = shilmista;
				TargetAttributes = {
					9B16F9B11CCF010000053A9B = {
						CreatedOnToolsVersion = 7.3;
					};
				};
			};
			buildConfigurationList = 9B16F9AD1CCF010000053A9B /* Build configuration list for PBXProject "CatNap" */;
			compatibilityVersion = "Xcode 3.2";
			developmentRegion = English;
			hasScannedForEncodings = 0;
			knownRegions = (
				en,
				Base,
			);
			mainGroup = 9B16F9A91CCF010000053A9B;
			productRefGroup = 9B16F9B31CCF010000053A9B /* Products */;
			projectDirPath = "";
			projectRoot = "";
			targets = (
				9B16F9B11CCF010000053A9B /* CatNap */,
			);
		};
/* End PBXProject section */

/* Begin PBXResourcesBuildPhase section */
		9B16F9B01CCF010000053A9B /* Resources */ = {
			isa = PBXResourcesBuildPhase;
			buildActionMask = 2147483647;
			files = (
				9B16F9D81CCF048B00053A9B /* Cat.sks in Resources */,
				9B16F9D51CCF01C400053A9B /* win.mp3 in Resources */,
				9B16F9B81CCF010000053A9B /* Level1.sks in Resources */,
				9B16F9DA1CCF0A0400053A9B /* CatCurl.sks in Resources */,
				9B5A8EBE1CD190E80031A628 /* Level2.sks in Resources */,
				9B16F9C41CCF010000053A9B /* LaunchScreen.storyboard in Resources */,
				9B16F9C11CCF010000053A9B /* Assets.xcassets in Resources */,
				9B16F9D11CCF01C400053A9B /* backgroundMusic.mp3 in Resources */,
				9B16F9D41CCF01C400053A9B /* pop.mp3 in Resources */,
				9B16F9D31CCF01C400053A9B /* mrreow.mp3 in Resources */,
				9B16F9DC1CCF0C7A00053A9B /* CatWakeUp.sks in Resources */,
				9B16F9BF1CCF010000053A9B /* Main.storyboard in Resources */,
				9B16F9D21CCF01C400053A9B /* lose.mp3 in Resources */,
			);
			runOnlyForDeploymentPostprocessing = 0;
		};
/* End PBXResourcesBuildPhase section */

/* Begin PBXSourcesBuildPhase section */
		9B16F9AE1CCF010000053A9B /* Sources */ = {
			isa = PBXSourcesBuildPhase;
			buildActionMask = 2147483647;
			files = (
				9B5A8EAE1CD009D60031A628 /* CGPoint+Extensions.swift in Sources */,
				9B5A8EBC1CD156D70031A628 /* MessageNode.swift in Sources */,
				9B5A8EB61CD009D60031A628 /* SKTEffects.swift in Sources */,
				9B5A8EC21CD195270031A628 /* HookNode.swift in Sources */,
				9B5A8EB11CD009D60031A628 /* SKAction+Extensions.swift in Sources */,
				9B16F9BA1CCF010000053A9B /* GameScene.swift in Sources */,
				9B5A8EB41CD009D60031A628 /* SKNode+Extensions.swift in Sources */,
				9B29EEFC1CCFE146002ED208 /* CatNode.swift in Sources */,
				9B5A8EB71CD009D60031A628 /* SKTTimingFunctions.swift in Sources */,
				9B5A8EB21CD009D60031A628 /* SKAction+SpecialEffects.swift in Sources */,
				9B5A8EB01CD009D60031A628 /* Int+Extensions.swift in Sources */,
				9B5A8EBA1CD1537A0031A628 /* BlockNode.swift in Sources */,
				9B5A8EB81CD009D60031A628 /* Vector3.swift in Sources */,
				9B29EEF81CCFDE31002ED208 /* BedNode.swift in Sources */,
				9B5A8EB31CD009D60031A628 /* SKColor+Extensions.swift in Sources */,
				9B5A8EAF1CD009D60031A628 /* CGVector+Extensions.swift in Sources */,
				9B16F9BC1CCF010000053A9B /* GameViewController.swift in Sources */,
				9B5A8EC01CD1924A0031A628 /* SpringNode.swift in Sources */,
				9B5A8EB51CD009D60031A628 /* SKTAudio.swift in Sources */,
				9B5A8EAD1CD009D60031A628 /* CGFloat+Extensions.swift in Sources */,
				9B16F9B61CCF010000053A9B /* AppDelegate.swift in Sources */,
			);
			runOnlyForDeploymentPostprocessing = 0;
		};
/* End PBXSourcesBuildPhase section */

/* Begin PBXVariantGroup section */
		9B16F9BD1CCF010000053A9B /* Main.storyboard */ = {
			isa = PBXVariantGroup;
			children = (
				9B16F9BE1CCF010000053A9B /* Base */,
			);
			name = Main.storyboard;
			sourceTree = "<group>";
		};
		9B16F9C21CCF010000053A9B /* LaunchScreen.storyboard */ = {
			isa = PBXVariantGroup;
			children = (
				9B16F9C31CCF010000053A9B /* Base */,
			);
			name = LaunchScreen.storyboard;
			sourceTree = "<group>";
		};
/* End PBXVariantGroup section */

/* Begin XCBuildConfiguration section */
		9B16F9C61CCF010000053A9B /* Debug */ = {
			isa = XCBuildConfiguration;
			buildSettings = {
				ALWAYS_SEARCH_USER_PATHS = NO;
				CLANG_ANALYZER_NONNULL = YES;
				CLANG_CXX_LANGUAGE_STANDARD = "gnu++0x";
				CLANG_CXX_LIBRARY = "libc++";
				CLANG_ENABLE_MODULES = YES;
				CLANG_ENABLE_OBJC_ARC = YES;
				CLANG_WARN_BOOL_CONVERSION = YES;
				CLANG_WARN_CONSTANT_CONVERSION = YES;
				CLANG_WARN_DIRECT_OBJC_ISA_USAGE = YES_ERROR;
				CLANG_WARN_EMPTY_BODY = YES;
				CLANG_WARN_ENUM_CONVERSION = YES;
				CLANG_WARN_INT_CONVERSION = YES;
				CLANG_WARN_OBJC_ROOT_CLASS = YES_ERROR;
				CLANG_WARN_UNREACHABLE_CODE = YES;
				CLANG_WARN__DUPLICATE_METHOD_MATCH = YES;
				"CODE_SIGN_IDENTITY[sdk=iphoneos*]" = "iPhone Developer";
				COPY_PHASE_STRIP = NO;
				DEBUG_INFORMATION_FORMAT = "dwarf-with-dsym";
				ENABLE_STRICT_OBJC_MSGSEND = YES;
				ENABLE_TESTABILITY = YES;
				GCC_C_LANGUAGE_STANDARD = gnu99;
				GCC_DYNAMIC_NO_PIC = NO;
				GCC_NO_COMMON_BLOCKS = YES;
				GCC_OPTIMIZATION_LEVEL = 0;
				GCC_PREPROCESSOR_DEFINITIONS = (
					"DEBUG=1",
					"$(inherited)",
				);
				GCC_WARN_64_TO_32_BIT_CONVERSION = YES;
				GCC_WARN_ABOUT_RETURN_TYPE = YES_ERROR;
				GCC_WARN_UNDECLARED_SELECTOR = YES;
				GCC_WARN_UNINITIALIZED_AUTOS = YES_AGGRESSIVE;
				GCC_WARN_UNUSED_FUNCTION = YES;
				GCC_WARN_UNUSED_VARIABLE = YES;
				IPHONEOS_DEPLOYMENT_TARGET = 9.3;
				MTL_ENABLE_DEBUG_INFO = YES;
				ONLY_ACTIVE_ARCH = YES;
				SDKROOT = iphoneos;
				SWIFT_OPTIMIZATION_LEVEL = "-Onone";
			};
			name = Debug;
		};
		9B16F9C71CCF010000053A9B /* Release */ = {
			isa = XCBuildConfiguration;
			buildSettings = {
				ALWAYS_SEARCH_USER_PATHS = NO;
				CLANG_ANALYZER_NONNULL = YES;
				CLANG_CXX_LANGUAGE_STANDARD = "gnu++0x";
				CLANG_CXX_LIBRARY = "libc++";
				CLANG_ENABLE_MODULES = YES;
				CLANG_ENABLE_OBJC_ARC = YES;
				CLANG_WARN_BOOL_CONVERSION = YES;
				CLANG_WARN_CONSTANT_CONVERSION = YES;
				CLANG_WARN_DIRECT_OBJC_ISA_USAGE = YES_ERROR;
				CLANG_WARN_EMPTY_BODY = YES;
				CLANG_WARN_ENUM_CONVERSION = YES;
				CLANG_WARN_INT_CONVERSION = YES;
				CLANG_WARN_OBJC_ROOT_CLASS = YES_ERROR;
				CLANG_WARN_UNREACHABLE_CODE = YES;
				CLANG_WARN__DUPLICATE_METHOD_MATCH = YES;
				"CODE_SIGN_IDENTITY[sdk=iphoneos*]" = "iPhone Developer";
				COPY_PHASE_STRIP = NO;
				DEBUG_INFORMATION_FORMAT = "dwarf-with-dsym";
				ENABLE_NS_ASSERTIONS = NO;
				ENABLE_STRICT_OBJC_MSGSEND = YES;
				GCC_C_LANGUAGE_STANDARD = gnu99;
				GCC_NO_COMMON_BLOCKS = YES;
				GCC_WARN_64_TO_32_BIT_CONVERSION = YES;
				GCC_WARN_ABOUT_RETURN_TYPE = YES_ERROR;
				GCC_WARN_UNDECLARED_SELECTOR = YES;
				GCC_WARN_UNINITIALIZED_AUTOS = YES_AGGRESSIVE;
				GCC_WARN_UNUSED_FUNCTION = YES;
				GCC_WARN_UNUSED_VARIABLE = YES;
				IPHONEOS_DEPLOYMENT_TARGET = 9.3;
				MTL_ENABLE_DEBUG_INFO = NO;
				SDKROOT = iphoneos;
				VALIDATE_PRODUCT = YES;
			};
			name = Release;
		};
		9B16F9C91CCF010000053A9B /* Debug */ = {
			isa = XCBuildConfiguration;
			buildSettings = {
				ASSETCATALOG_COMPILER_APPICON_NAME = AppIcon;
				INFOPLIST_FILE = CatNap/Info.plist;
				LD_RUNPATH_SEARCH_PATHS = "$(inherited) @executable_path/Frameworks";
				PRODUCT_BUNDLE_IDENTIFIER = com.shilmista.CatNap;
				PRODUCT_NAME = "$(TARGET_NAME)";
			};
			name = Debug;
		};
		9B16F9CA1CCF010000053A9B /* Release */ = {
			isa = XCBuildConfiguration;
			buildSettings = {
				ASSETCATALOG_COMPILER_APPICON_NAME = AppIcon;
				INFOPLIST_FILE = CatNap/Info.plist;
				LD_RUNPATH_SEARCH_PATHS = "$(inherited) @executable_path/Frameworks";
				PRODUCT_BUNDLE_IDENTIFIER = com.shilmista.CatNap;
				PRODUCT_NAME = "$(TARGET_NAME)";
			};
			name = Release;
		};
/* End XCBuildConfiguration section */

/* Begin XCConfigurationList section */
		9B16F9AD1CCF010000053A9B /* Build configuration list for PBXProject "CatNap" */ = {
			isa = XCConfigurationList;
			buildConfigurations = (
				9B16F9C61CCF010000053A9B /* Debug */,
				9B16F9C71CCF010000053A9B /* Release */,
			);
			defaultConfigurationIsVisible = 0;
			defaultConfigurationName = Release;
		};
		9B16F9C81CCF010000053A9B /* Build configuration list for PBXNativeTarget "CatNap" */ = {
			isa = XCConfigurationList;
			buildConfigurations = (
				9B16F9C91CCF010000053A9B /* Debug */,
				9B16F9CA1CCF010000053A9B /* Release */,
			);
			defaultConfigurationIsVisible = 0;
			defaultConfigurationName = Release;
		};
/* End XCConfigurationList section */
	};
	rootObject = 9B16F9AA1CCF010000053A9B /* Project object */;
}
