// !$*UTF8*$!
{
	archiveVersion = 1;
	classes = {
	};
	objectVersion = 46;
	objects = {

/* Begin PBXBuildFile section */
		9B1B6DAB1CD2FDEB005D4BEA /* AppDelegate.swift in Sources */ = {isa = PBXBuildFile; fileRef = 9B1B6DAA1CD2FDEB005D4BEA /* AppDelegate.swift */; };
		9B1B6DAD1CD2FDEB005D4BEA /* GameScene.sks in Resources */ = {isa = PBXBuildFile; fileRef = 9B1B6DAC1CD2FDEB005D4BEA /* GameScene.sks */; };
		9B1B6DAF1CD2FDEB005D4BEA /* GameScene.swift in Sources */ = {isa = PBXBuildFile; fileRef = 9B1B6DAE1CD2FDEB005D4BEA /* GameScene.swift */; };
		9B1B6DB11CD2FDEB005D4BEA /* GameViewController.swift in Sources */ = {isa = PBXBuildFile; fileRef = 9B1B6DB01CD2FDEB005D4BEA /* GameViewController.swift */; };
		9B1B6DB41CD2FDEB005D4BEA /* Main.storyboard in Resources */ = {isa = PBXBuildFile; fileRef = 9B1B6DB21CD2FDEB005D4BEA /* Main.storyboard */; };
		9B1B6DB61CD2FDEB005D4BEA /* Assets.xcassets in Resources */ = {isa = PBXBuildFile; fileRef = 9B1B6DB51CD2FDEB005D4BEA /* Assets.xcassets */; };
		9B1B6DB91CD2FDEB005D4BEA /* LaunchScreen.storyboard in Resources */ = {isa = PBXBuildFile; fileRef = 9B1B6DB71CD2FDEB005D4BEA /* LaunchScreen.storyboard */; };
		9B1B6DC21CD301C3005D4BEA /* Platform5Across.sks in Resources */ = {isa = PBXBuildFile; fileRef = 9B1B6DC11CD301C3005D4BEA /* Platform5Across.sks */; };
		9B2E786B1CDF9BE600C1223B /* WaitingForTap.swift in Sources */ = {isa = PBXBuildFile; fileRef = 9B2E786A1CDF9BE600C1223B /* WaitingForTap.swift */; };
		9B2E786D1CDF9DDD00C1223B /* WaitingForBomb.swift in Sources */ = {isa = PBXBuildFile; fileRef = 9B2E786C1CDF9DDD00C1223B /* WaitingForBomb.swift */; };
		9B2E786F1CDF9FD600C1223B /* Playing.swift in Sources */ = {isa = PBXBuildFile; fileRef = 9B2E786E1CDF9FD600C1223B /* Playing.swift */; };
		9B2E78711CDFA9E100C1223B /* GameOver.swift in Sources */ = {isa = PBXBuildFile; fileRef = 9B2E78701CDFA9E100C1223B /* GameOver.swift */; };
		9B2E78751CDFAB2500C1223B /* PlayerIdle.swift in Sources */ = {isa = PBXBuildFile; fileRef = 9B2E78741CDFAB2500C1223B /* PlayerIdle.swift */; };
		9B2E78771CDFABBC00C1223B /* PlayerJump.swift in Sources */ = {isa = PBXBuildFile; fileRef = 9B2E78761CDFABBC00C1223B /* PlayerJump.swift */; };
		9B2E78791CDFABE600C1223B /* PlayerFall.swift in Sources */ = {isa = PBXBuildFile; fileRef = 9B2E78781CDFABE600C1223B /* PlayerFall.swift */; };
		9B2E787B1CDFAC0000C1223B /* PlayerInLava.swift in Sources */ = {isa = PBXBuildFile; fileRef = 9B2E787A1CDFAC0000C1223B /* PlayerInLava.swift */; };
		9B2E787D1CDFAC0800C1223B /* PlayerDead.swift in Sources */ = {isa = PBXBuildFile; fileRef = 9B2E787C1CDFAC0800C1223B /* PlayerDead.swift */; };
		9B2E78811CDFCF5B00C1223B /* Lava.sks in Resources */ = {isa = PBXBuildFile; fileRef = 9B2E787F1CDFCF5B00C1223B /* Lava.sks */; };
		9B2E78821CDFCF5B00C1223B /* spark.png in Resources */ = {isa = PBXBuildFile; fileRef = 9B2E78801CDFCF5B00C1223B /* spark.png */; };
		9B2E78841CDFFD8700C1223B /* SmokeTrail.sks in Resources */ = {isa = PBXBuildFile; fileRef = 9B2E78831CDFFD8700C1223B /* SmokeTrail.sks */; };
		9B2E78861CDFFFF200C1223B /* CollectNormal.sks in Resources */ = {isa = PBXBuildFile; fileRef = 9B2E78851CDFFFF200C1223B /* CollectNormal.sks */; };
		9B2E78881CE0002000C1223B /* Star.png in Resources */ = {isa = PBXBuildFile; fileRef = 9B2E78871CE0002000C1223B /* Star.png */; };
		9B2E788A1CE003E400C1223B /* CollectSpecial.sks in Resources */ = {isa = PBXBuildFile; fileRef = 9B2E78891CE003E400C1223B /* CollectSpecial.sks */; };
		9B2E788C1CE0051200C1223B /* BrokenPlatform.sks in Resources */ = {isa = PBXBuildFile; fileRef = 9B2E788B1CE0051200C1223B /* BrokenPlatform.sks */; };
		9B319D8F1CE78F6C00F16ECF /* PlayerTrail.sks in Resources */ = {isa = PBXBuildFile; fileRef = 9B319D8E1CE78F6C00F16ECF /* PlayerTrail.sks */; };
		9B319DED1CE7A17000F16ECF /* alarm.wav in Resources */ = {isa = PBXBuildFile; fileRef = 9B319DDB1CE7A17000F16ECF /* alarm.wav */; };
		9B319DEE1CE7A17000F16ECF /* attribution.txt in Resources */ = {isa = PBXBuildFile; fileRef = 9B319DDC1CE7A17000F16ECF /* attribution.txt */; };
		9B319DEF1CE7A17000F16ECF /* bgMusic.mp3 in Resources */ = {isa = PBXBuildFile; fileRef = 9B319DDD1CE7A17000F16ECF /* bgMusic.mp3 */; };
		9B319DF01CE7A17000F16ECF /* bombDrop.wav in Resources */ = {isa = PBXBuildFile; fileRef = 9B319DDE1CE7A17000F16ECF /* bombDrop.wav */; };
		9B319DF11CE7A17000F16ECF /* boost.wav in Resources */ = {isa = PBXBuildFile; fileRef = 9B319DDF1CE7A17000F16ECF /* boost.wav */; };
		9B319DF21CE7A17000F16ECF /* brick.caf in Resources */ = {isa = PBXBuildFile; fileRef = 9B319DE01CE7A17000F16ECF /* brick.caf */; };
		9B319DF31CE7A17000F16ECF /* coin1.wav in Resources */ = {isa = PBXBuildFile; fileRef = 9B319DE11CE7A17000F16ECF /* coin1.wav */; };
		9B319DF41CE7A17000F16ECF /* coin4.wav in Resources */ = {isa = PBXBuildFile; fileRef = 9B319DE21CE7A17000F16ECF /* coin4.wav */; };
		9B319DF51CE7A17000F16ECF /* DrownFireBug.mp3 in Resources */ = {isa = PBXBuildFile; fileRef = 9B319DE31CE7A17000F16ECF /* DrownFireBug.mp3 */; };
		9B319DF61CE7A17000F16ECF /* explosion1.wav in Resources */ = {isa = PBXBuildFile; fileRef = 9B319DE41CE7A17000F16ECF /* explosion1.wav */; };
		9B319DF71CE7A17000F16ECF /* explosion2.wav in Resources */ = {isa = PBXBuildFile; fileRef = 9B319DE51CE7A17000F16ECF /* explosion2.wav */; };
		9B319DF81CE7A17000F16ECF /* explosion3.wav in Resources */ = {isa = PBXBuildFile; fileRef = 9B319DE61CE7A17000F16ECF /* explosion3.wav */; };
		9B319DF91CE7A17000F16ECF /* explosion4.wav in Resources */ = {isa = PBXBuildFile; fileRef = 9B319DE71CE7A17000F16ECF /* explosion4.wav */; };
		9B319DFA1CE7A17000F16ECF /* jump.wav in Resources */ = {isa = PBXBuildFile; fileRef = 9B319DE81CE7A17000F16ECF /* jump.wav */; };
		9B319DFB1CE7A17000F16ECF /* nitro.wav in Resources */ = {isa = PBXBuildFile; fileRef = 9B319DE91CE7A17000F16ECF /* nitro.wav */; };
		9B319DFC1CE7A17000F16ECF /* player_die.wav in Resources */ = {isa = PBXBuildFile; fileRef = 9B319DEA1CE7A17000F16ECF /* player_die.wav */; };
		9B319DFD1CE7A17000F16ECF /* SpaceGame.caf in Resources */ = {isa = PBXBuildFile; fileRef = 9B319DEB1CE7A17000F16ECF /* SpaceGame.caf */; };
		9B319DFE1CE7A17000F16ECF /* tickTock.wav in Resources */ = {isa = PBXBuildFile; fileRef = 9B319DEC1CE7A17000F16ECF /* tickTock.wav */; };
		9B319E001CE7A67000F16ECF /* AVFoundation.framework in Frameworks */ = {isa = PBXBuildFile; fileRef = 9B319DFF1CE7A67000F16ECF /* AVFoundation.framework */; };
		9B3E8D801CD44FEF003438AC /* CoinArrow.sks in Resources */ = {isa = PBXBuildFile; fileRef = 9B3E8D7F1CD44FEF003438AC /* CoinArrow.sks */; };
		9B3E8D8E1CD450D4003438AC /* CGFloat+Extensions.swift in Sources */ = {isa = PBXBuildFile; fileRef = 9B3E8D821CD450D4003438AC /* CGFloat+Extensions.swift */; };
		9B3E8D8F1CD450D4003438AC /* CGPoint+Extensions.swift in Sources */ = {isa = PBXBuildFile; fileRef = 9B3E8D831CD450D4003438AC /* CGPoint+Extensions.swift */; };
		9B3E8D901CD450D4003438AC /* CGVector+Extensions.swift in Sources */ = {isa = PBXBuildFile; fileRef = 9B3E8D841CD450D4003438AC /* CGVector+Extensions.swift */; };
		9B3E8D911CD450D4003438AC /* Int+Extensions.swift in Sources */ = {isa = PBXBuildFile; fileRef = 9B3E8D851CD450D4003438AC /* Int+Extensions.swift */; };
		9B3E8D921CD450D4003438AC /* SKAction+Extensions.swift in Sources */ = {isa = PBXBuildFile; fileRef = 9B3E8D861CD450D4003438AC /* SKAction+Extensions.swift */; };
		9B3E8D931CD450D4003438AC /* SKAction+SpecialEffects.swift in Sources */ = {isa = PBXBuildFile; fileRef = 9B3E8D871CD450D4003438AC /* SKAction+SpecialEffects.swift */; };
		9B3E8D941CD450D4003438AC /* SKColor+Extensions.swift in Sources */ = {isa = PBXBuildFile; fileRef = 9B3E8D881CD450D4003438AC /* SKColor+Extensions.swift */; };
		9B3E8D951CD450D4003438AC /* SKNode+Extensions.swift in Sources */ = {isa = PBXBuildFile; fileRef = 9B3E8D891CD450D4003438AC /* SKNode+Extensions.swift */; };
		9B3E8D961CD450D4003438AC /* SKTAudio.swift in Sources */ = {isa = PBXBuildFile; fileRef = 9B3E8D8A1CD450D4003438AC /* SKTAudio.swift */; };
		9B3E8D971CD450D4003438AC /* SKTEffects.swift in Sources */ = {isa = PBXBuildFile; fileRef = 9B3E8D8B1CD450D4003438AC /* SKTEffects.swift */; };
		9B3E8D981CD450D4003438AC /* SKTTimingFunctions.swift in Sources */ = {isa = PBXBuildFile; fileRef = 9B3E8D8C1CD450D4003438AC /* SKTTimingFunctions.swift */; };
		9B3E8D991CD450D4003438AC /* Vector3.swift in Sources */ = {isa = PBXBuildFile; fileRef = 9B3E8D8D1CD450D4003438AC /* Vector3.swift */; };
		9BDA815E1CD5070D00F474F8 /* Break5Across.sks in Resources */ = {isa = PBXBuildFile; fileRef = 9BDA815D1CD5070D00F474F8 /* Break5Across.sks */; };
		9BDA81601CD5228E00F474F8 /* CoinSArrow.sks in Resources */ = {isa = PBXBuildFile; fileRef = 9BDA815F1CD5228E00F474F8 /* CoinSArrow.sks */; };
		9BDA81621CD522F100F474F8 /* PlatformArrow.sks in Resources */ = {isa = PBXBuildFile; fileRef = 9BDA81611CD522F100F474F8 /* PlatformArrow.sks */; };
		9BDA81641CD5233B00F474F8 /* PlatformDiagonal.sks in Resources */ = {isa = PBXBuildFile; fileRef = 9BDA81631CD5233B00F474F8 /* PlatformDiagonal.sks */; };
		9BDA81661CD523AA00F474F8 /* BreakArrow.sks in Resources */ = {isa = PBXBuildFile; fileRef = 9BDA81651CD523AA00F474F8 /* BreakArrow.sks */; };
		9BDA81681CD523D900F474F8 /* BreakDiagonal.sks in Resources */ = {isa = PBXBuildFile; fileRef = 9BDA81671CD523D900F474F8 /* BreakDiagonal.sks */; };
		9BDA816A1CD5242200F474F8 /* Coin5Across.sks in Resources */ = {isa = PBXBuildFile; fileRef = 9BDA81691CD5242200F474F8 /* Coin5Across.sks */; };
		9BDA816C1CD5244A00F474F8 /* CoinDiagonal.sks in Resources */ = {isa = PBXBuildFile; fileRef = 9BDA816B1CD5244A00F474F8 /* CoinDiagonal.sks */; };
		9BDA816E1CD5247000F474F8 /* CoinCross.sks in Resources */ = {isa = PBXBuildFile; fileRef = 9BDA816D1CD5247000F474F8 /* CoinCross.sks */; };
		9BDA81701CD524B700F474F8 /* CoinS5Across.sks in Resources */ = {isa = PBXBuildFile; fileRef = 9BDA816F1CD524B700F474F8 /* CoinS5Across.sks */; };
		9BDA81721CD524EC00F474F8 /* CoinSDiagonal.sks in Resources */ = {isa = PBXBuildFile; fileRef = 9BDA81711CD524EC00F474F8 /* CoinSDiagonal.sks */; };
		9BDA81741CD5250900F474F8 /* CoinSCross.sks in Resources */ = {isa = PBXBuildFile; fileRef = 9BDA81731CD5250900F474F8 /* CoinSCross.sks */; };
		9BE136971CE7BC0F00036CB0 /* Coin.sks in Resources */ = {isa = PBXBuildFile; fileRef = 9BE136961CE7BC0F00036CB0 /* Coin.sks */; };
		9BE136991CE7BCCD00036CB0 /* CoinSpecial.sks in Resources */ = {isa = PBXBuildFile; fileRef = 9BE136981CE7BCCD00036CB0 /* CoinSpecial.sks */; };
/* End PBXBuildFile section */

/* Begin PBXFileReference section */
		9B1B6DA71CD2FDEB005D4BEA /* DropCharge.app */ = {isa = PBXFileReference; explicitFileType = wrapper.application; includeInIndex = 0; path = DropCharge.app; sourceTree = BUILT_PRODUCTS_DIR; };
		9B1B6DAA1CD2FDEB005D4BEA /* AppDelegate.swift */ = {isa = PBXFileReference; lastKnownFileType = sourcecode.swift; path = AppDelegate.swift; sourceTree = "<group>"; };
		9B1B6DAC1CD2FDEB005D4BEA /* GameScene.sks */ = {isa = PBXFileReference; lastKnownFileType = file.sks; path = GameScene.sks; sourceTree = "<group>"; };
		9B1B6DAE1CD2FDEB005D4BEA /* GameScene.swift */ = {isa = PBXFileReference; lastKnownFileType = sourcecode.swift; path = GameScene.swift; sourceTree = "<group>"; };
		9B1B6DB01CD2FDEB005D4BEA /* GameViewController.swift */ = {isa = PBXFileReference; lastKnownFileType = sourcecode.swift; path = GameViewController.swift; sourceTree = "<group>"; };
		9B1B6DB31CD2FDEB005D4BEA /* Base */ = {isa = PBXFileReference; lastKnownFileType = file.storyboard; name = Base; path = Base.lproj/Main.storyboard; sourceTree = "<group>"; };
		9B1B6DB51CD2FDEB005D4BEA /* Assets.xcassets */ = {isa = PBXFileReference; lastKnownFileType = folder.assetcatalog; path = Assets.xcassets; sourceTree = "<group>"; };
		9B1B6DB81CD2FDEB005D4BEA /* Base */ = {isa = PBXFileReference; lastKnownFileType = file.storyboard; name = Base; path = Base.lproj/LaunchScreen.storyboard; sourceTree = "<group>"; };
		9B1B6DBA1CD2FDEB005D4BEA /* Info.plist */ = {isa = PBXFileReference; lastKnownFileType = text.plist.xml; path = Info.plist; sourceTree = "<group>"; };
		9B1B6DC11CD301C3005D4BEA /* Platform5Across.sks */ = {isa = PBXFileReference; lastKnownFileType = file.sks; path = Platform5Across.sks; sourceTree = "<group>"; };
		9B2E786A1CDF9BE600C1223B /* WaitingForTap.swift */ = {isa = PBXFileReference; fileEncoding = 4; lastKnownFileType = sourcecode.swift; path = WaitingForTap.swift; sourceTree = "<group>"; };
		9B2E786C1CDF9DDD00C1223B /* WaitingForBomb.swift */ = {isa = PBXFileReference; fileEncoding = 4; lastKnownFileType = sourcecode.swift; path = WaitingForBomb.swift; sourceTree = "<group>"; };
		9B2E786E1CDF9FD600C1223B /* Playing.swift */ = {isa = PBXFileReference; fileEncoding = 4; lastKnownFileType = sourcecode.swift; path = Playing.swift; sourceTree = "<group>"; };
		9B2E78701CDFA9E100C1223B /* GameOver.swift */ = {isa = PBXFileReference; fileEncoding = 4; lastKnownFileType = sourcecode.swift; path = GameOver.swift; sourceTree = "<group>"; };
		9B2E78741CDFAB2500C1223B /* PlayerIdle.swift */ = {isa = PBXFileReference; fileEncoding = 4; lastKnownFileType = sourcecode.swift; path = PlayerIdle.swift; sourceTree = "<group>"; };
		9B2E78761CDFABBC00C1223B /* PlayerJump.swift */ = {isa = PBXFileReference; fileEncoding = 4; lastKnownFileType = sourcecode.swift; path = PlayerJump.swift; sourceTree = "<group>"; };
		9B2E78781CDFABE600C1223B /* PlayerFall.swift */ = {isa = PBXFileReference; fileEncoding = 4; lastKnownFileType = sourcecode.swift; path = PlayerFall.swift; sourceTree = "<group>"; };
		9B2E787A1CDFAC0000C1223B /* PlayerInLava.swift */ = {isa = PBXFileReference; fileEncoding = 4; lastKnownFileType = sourcecode.swift; path = PlayerInLava.swift; sourceTree = "<group>"; };
		9B2E787C1CDFAC0800C1223B /* PlayerDead.swift */ = {isa = PBXFileReference; fileEncoding = 4; lastKnownFileType = sourcecode.swift; path = PlayerDead.swift; sourceTree = "<group>"; };
		9B2E787F1CDFCF5B00C1223B /* Lava.sks */ = {isa = PBXFileReference; lastKnownFileType = file.sks; path = Lava.sks; sourceTree = "<group>"; };
		9B2E78801CDFCF5B00C1223B /* spark.png */ = {isa = PBXFileReference; lastKnownFileType = image.png; path = spark.png; sourceTree = "<group>"; };
		9B2E78831CDFFD8700C1223B /* SmokeTrail.sks */ = {isa = PBXFileReference; lastKnownFileType = file.sks; path = SmokeTrail.sks; sourceTree = "<group>"; };
		9B2E78851CDFFFF200C1223B /* CollectNormal.sks */ = {isa = PBXFileReference; lastKnownFileType = file.sks; path = CollectNormal.sks; sourceTree = "<group>"; };
		9B2E78871CE0002000C1223B /* Star.png */ = {isa = PBXFileReference; lastKnownFileType = image.png; path = Star.png; sourceTree = "<group>"; };
		9B2E78891CE003E400C1223B /* CollectSpecial.sks */ = {isa = PBXFileReference; lastKnownFileType = file.sks; path = CollectSpecial.sks; sourceTree = "<group>"; };
		9B2E788B1CE0051200C1223B /* BrokenPlatform.sks */ = {isa = PBXFileReference; lastKnownFileType = file.sks; path = BrokenPlatform.sks; sourceTree = "<group>"; };
		9B319D8E1CE78F6C00F16ECF /* PlayerTrail.sks */ = {isa = PBXFileReference; lastKnownFileType = file.sks; path = PlayerTrail.sks; sourceTree = "<group>"; };
		9B319DDB1CE7A17000F16ECF /* alarm.wav */ = {isa = PBXFileReference; lastKnownFileType = audio.wav; name = alarm.wav; path = sounds/alarm.wav; sourceTree = "<group>"; };
		9B319DDC1CE7A17000F16ECF /* attribution.txt */ = {isa = PBXFileReference; fileEncoding = 4; lastKnownFileType = text; name = attribution.txt; path = sounds/attribution.txt; sourceTree = "<group>"; };
		9B319DDD1CE7A17000F16ECF /* bgMusic.mp3 */ = {isa = PBXFileReference; lastKnownFileType = audio.mp3; name = bgMusic.mp3; path = sounds/bgMusic.mp3; sourceTree = "<group>"; };
		9B319DDE1CE7A17000F16ECF /* bombDrop.wav */ = {isa = PBXFileReference; lastKnownFileType = audio.wav; name = bombDrop.wav; path = sounds/bombDrop.wav; sourceTree = "<group>"; };
		9B319DDF1CE7A17000F16ECF /* boost.wav */ = {isa = PBXFileReference; lastKnownFileType = audio.wav; name = boost.wav; path = sounds/boost.wav; sourceTree = "<group>"; };
		9B319DE01CE7A17000F16ECF /* brick.caf */ = {isa = PBXFileReference; lastKnownFileType = file; name = brick.caf; path = sounds/brick.caf; sourceTree = "<group>"; };
		9B319DE11CE7A17000F16ECF /* coin1.wav */ = {isa = PBXFileReference; lastKnownFileType = audio.wav; name = coin1.wav; path = sounds/coin1.wav; sourceTree = "<group>"; };
		9B319DE21CE7A17000F16ECF /* coin4.wav */ = {isa = PBXFileReference; lastKnownFileType = audio.wav; name = coin4.wav; path = sounds/coin4.wav; sourceTree = "<group>"; };
		9B319DE31CE7A17000F16ECF /* DrownFireBug.mp3 */ = {isa = PBXFileReference; lastKnownFileType = audio.mp3; name = DrownFireBug.mp3; path = sounds/DrownFireBug.mp3; sourceTree = "<group>"; };
		9B319DE41CE7A17000F16ECF /* explosion1.wav */ = {isa = PBXFileReference; lastKnownFileType = audio.wav; name = explosion1.wav; path = sounds/explosion1.wav; sourceTree = "<group>"; };
		9B319DE51CE7A17000F16ECF /* explosion2.wav */ = {isa = PBXFileReference; lastKnownFileType = audio.wav; name = explosion2.wav; path = sounds/explosion2.wav; sourceTree = "<group>"; };
		9B319DE61CE7A17000F16ECF /* explosion3.wav */ = {isa = PBXFileReference; lastKnownFileType = audio.wav; name = explosion3.wav; path = sounds/explosion3.wav; sourceTree = "<group>"; };
		9B319DE71CE7A17000F16ECF /* explosion4.wav */ = {isa = PBXFileReference; lastKnownFileType = audio.wav; name = explosion4.wav; path = sounds/explosion4.wav; sourceTree = "<group>"; };
		9B319DE81CE7A17000F16ECF /* jump.wav */ = {isa = PBXFileReference; lastKnownFileType = audio.wav; name = jump.wav; path = sounds/jump.wav; sourceTree = "<group>"; };
		9B319DE91CE7A17000F16ECF /* nitro.wav */ = {isa = PBXFileReference; lastKnownFileType = audio.wav; name = nitro.wav; path = sounds/nitro.wav; sourceTree = "<group>"; };
		9B319DEA1CE7A17000F16ECF /* player_die.wav */ = {isa = PBXFileReference; lastKnownFileType = audio.wav; name = player_die.wav; path = sounds/player_die.wav; sourceTree = "<group>"; };
		9B319DEB1CE7A17000F16ECF /* SpaceGame.caf */ = {isa = PBXFileReference; lastKnownFileType = file; name = SpaceGame.caf; path = sounds/SpaceGame.caf; sourceTree = "<group>"; };
		9B319DEC1CE7A17000F16ECF /* tickTock.wav */ = {isa = PBXFileReference; lastKnownFileType = audio.wav; name = tickTock.wav; path = sounds/tickTock.wav; sourceTree = "<group>"; };
		9B319DFF1CE7A67000F16ECF /* AVFoundation.framework */ = {isa = PBXFileReference; lastKnownFileType = wrapper.framework; name = AVFoundation.framework; path = System/Library/Frameworks/AVFoundation.framework; sourceTree = SDKROOT; };
		9B319E011CE7A68000F16ECF /* AVKit.framework */ = {isa = PBXFileReference; lastKnownFileType = wrapper.framework; name = AVKit.framework; path = System/Library/Frameworks/AVKit.framework; sourceTree = SDKROOT; };
		9B3E8D7F1CD44FEF003438AC /* CoinArrow.sks */ = {isa = PBXFileReference; lastKnownFileType = file.sks; path = CoinArrow.sks; sourceTree = "<group>"; };
		9B3E8D821CD450D4003438AC /* CGFloat+Extensions.swift */ = {isa = PBXFileReference; fileEncoding = 4; lastKnownFileType = sourcecode.swift; path = "CGFloat+Extensions.swift"; sourceTree = "<group>"; };
		9B3E8D831CD450D4003438AC /* CGPoint+Extensions.swift */ = {isa = PBXFileReference; fileEncoding = 4; lastKnownFileType = sourcecode.swift; path = "CGPoint+Extensions.swift"; sourceTree = "<group>"; };
		9B3E8D841CD450D4003438AC /* CGVector+Extensions.swift */ = {isa = PBXFileReference; fileEncoding = 4; lastKnownFileType = sourcecode.swift; path = "CGVector+Extensions.swift"; sourceTree = "<group>"; };
		9B3E8D851CD450D4003438AC /* Int+Extensions.swift */ = {isa = PBXFileReference; fileEncoding = 4; lastKnownFileType = sourcecode.swift; path = "Int+Extensions.swift"; sourceTree = "<group>"; };
		9B3E8D861CD450D4003438AC /* SKAction+Extensions.swift */ = {isa = PBXFileReference; fileEncoding = 4; lastKnownFileType = sourcecode.swift; path = "SKAction+Extensions.swift"; sourceTree = "<group>"; };
		9B3E8D871CD450D4003438AC /* SKAction+SpecialEffects.swift */ = {isa = PBXFileReference; fileEncoding = 4; lastKnownFileType = sourcecode.swift; path = "SKAction+SpecialEffects.swift"; sourceTree = "<group>"; };
		9B3E8D881CD450D4003438AC /* SKColor+Extensions.swift */ = {isa = PBXFileReference; fileEncoding = 4; lastKnownFileType = sourcecode.swift; path = "SKColor+Extensions.swift"; sourceTree = "<group>"; };
		9B3E8D891CD450D4003438AC /* SKNode+Extensions.swift */ = {isa = PBXFileReference; fileEncoding = 4; lastKnownFileType = sourcecode.swift; path = "SKNode+Extensions.swift"; sourceTree = "<group>"; };
		9B3E8D8A1CD450D4003438AC /* SKTAudio.swift */ = {isa = PBXFileReference; fileEncoding = 4; lastKnownFileType = sourcecode.swift; path = SKTAudio.swift; sourceTree = "<group>"; };
		9B3E8D8B1CD450D4003438AC /* SKTEffects.swift */ = {isa = PBXFileReference; fileEncoding = 4; lastKnownFileType = sourcecode.swift; path = SKTEffects.swift; sourceTree = "<group>"; };
		9B3E8D8C1CD450D4003438AC /* SKTTimingFunctions.swift */ = {isa = PBXFileReference; fileEncoding = 4; lastKnownFileType = sourcecode.swift; path = SKTTimingFunctions.swift; sourceTree = "<group>"; };
		9B3E8D8D1CD450D4003438AC /* Vector3.swift */ = {isa = PBXFileReference; fileEncoding = 4; lastKnownFileType = sourcecode.swift; path = Vector3.swift; sourceTree = "<group>"; };
		9BDA815D1CD5070D00F474F8 /* Break5Across.sks */ = {isa = PBXFileReference; lastKnownFileType = file.sks; path = Break5Across.sks; sourceTree = "<group>"; };
		9BDA815F1CD5228E00F474F8 /* CoinSArrow.sks */ = {isa = PBXFileReference; lastKnownFileType = file.sks; path = CoinSArrow.sks; sourceTree = "<group>"; };
		9BDA81611CD522F100F474F8 /* PlatformArrow.sks */ = {isa = PBXFileReference; lastKnownFileType = file.sks; path = PlatformArrow.sks; sourceTree = "<group>"; };
		9BDA81631CD5233B00F474F8 /* PlatformDiagonal.sks */ = {isa = PBXFileReference; lastKnownFileType = file.sks; path = PlatformDiagonal.sks; sourceTree = "<group>"; };
		9BDA81651CD523AA00F474F8 /* BreakArrow.sks */ = {isa = PBXFileReference; lastKnownFileType = file.sks; path = BreakArrow.sks; sourceTree = "<group>"; };
		9BDA81671CD523D900F474F8 /* BreakDiagonal.sks */ = {isa = PBXFileReference; lastKnownFileType = file.sks; path = BreakDiagonal.sks; sourceTree = "<group>"; };
		9BDA81691CD5242200F474F8 /* Coin5Across.sks */ = {isa = PBXFileReference; lastKnownFileType = file.sks; path = Coin5Across.sks; sourceTree = "<group>"; };
		9BDA816B1CD5244A00F474F8 /* CoinDiagonal.sks */ = {isa = PBXFileReference; lastKnownFileType = file.sks; path = CoinDiagonal.sks; sourceTree = "<group>"; };
		9BDA816D1CD5247000F474F8 /* CoinCross.sks */ = {isa = PBXFileReference; lastKnownFileType = file.sks; path = CoinCross.sks; sourceTree = "<group>"; };
		9BDA816F1CD524B700F474F8 /* CoinS5Across.sks */ = {isa = PBXFileReference; lastKnownFileType = file.sks; path = CoinS5Across.sks; sourceTree = "<group>"; };
		9BDA81711CD524EC00F474F8 /* CoinSDiagonal.sks */ = {isa = PBXFileReference; lastKnownFileType = file.sks; path = CoinSDiagonal.sks; sourceTree = "<group>"; };
		9BDA81731CD5250900F474F8 /* CoinSCross.sks */ = {isa = PBXFileReference; lastKnownFileType = file.sks; path = CoinSCross.sks; sourceTree = "<group>"; };
		9BE136961CE7BC0F00036CB0 /* Coin.sks */ = {isa = PBXFileReference; lastKnownFileType = file.sks; path = Coin.sks; sourceTree = "<group>"; };
		9BE136981CE7BCCD00036CB0 /* CoinSpecial.sks */ = {isa = PBXFileReference; lastKnownFileType = file.sks; path = CoinSpecial.sks; sourceTree = "<group>"; };
/* End PBXFileReference section */

/* Begin PBXFrameworksBuildPhase section */
		9B1B6DA41CD2FDEB005D4BEA /* Frameworks */ = {
			isa = PBXFrameworksBuildPhase;
			buildActionMask = 2147483647;
			files = (
				9B319E001CE7A67000F16ECF /* AVFoundation.framework in Frameworks */,
			);
			runOnlyForDeploymentPostprocessing = 0;
		};
/* End PBXFrameworksBuildPhase section */

/* Begin PBXGroup section */
		9B1B6D9E1CD2FDEB005D4BEA = {
			isa = PBXGroup;
			children = (
				9B319E011CE7A68000F16ECF /* AVKit.framework */,
				9B319DFF1CE7A67000F16ECF /* AVFoundation.framework */,
				9B1B6DA91CD2FDEB005D4BEA /* DropCharge */,
				9B1B6DA81CD2FDEB005D4BEA /* Products */,
			);
			sourceTree = "<group>";
		};
		9B1B6DA81CD2FDEB005D4BEA /* Products */ = {
			isa = PBXGroup;
			children = (
				9B1B6DA71CD2FDEB005D4BEA /* DropCharge.app */,
			);
			name = Products;
			sourceTree = "<group>";
		};
		9B1B6DA91CD2FDEB005D4BEA /* DropCharge */ = {
			isa = PBXGroup;
			children = (
				9B319DDA1CE7A16300F16ECF /* sounds */,
				9B3E8D811CD450D4003438AC /* SKTUtils */,
				9B1B6DC01CD2FED1005D4BEA /* Scenes */,
				9B1B6DAA1CD2FDEB005D4BEA /* AppDelegate.swift */,
				9B1B6DAE1CD2FDEB005D4BEA /* GameScene.swift */,
				9B2E787E1CDFCF2F00C1223B /* Particles */,
				9B1B6DB01CD2FDEB005D4BEA /* GameViewController.swift */,
				9B1B6DB21CD2FDEB005D4BEA /* Main.storyboard */,
				9B1B6DB51CD2FDEB005D4BEA /* Assets.xcassets */,
				9B1B6DB71CD2FDEB005D4BEA /* LaunchScreen.storyboard */,
				9B1B6DBA1CD2FDEB005D4BEA /* Info.plist */,
				9B2E78721CDFAAF200C1223B /* GameState */,
				9B2E78731CDFAAFB00C1223B /* PlayerState */,
			);
			path = DropCharge;
			sourceTree = "<group>";
		};
		9B1B6DC01CD2FED1005D4BEA /* Scenes */ = {
			isa = PBXGroup;
			children = (
				9B1B6DAC1CD2FDEB005D4BEA /* GameScene.sks */,
				9B1B6DC11CD301C3005D4BEA /* Platform5Across.sks */,
				9BDA815D1CD5070D00F474F8 /* Break5Across.sks */,
				9BDA81651CD523AA00F474F8 /* BreakArrow.sks */,
				9B3E8D7F1CD44FEF003438AC /* CoinArrow.sks */,
				9BDA81611CD522F100F474F8 /* PlatformArrow.sks */,
				9BDA81631CD5233B00F474F8 /* PlatformDiagonal.sks */,
				9BDA815F1CD5228E00F474F8 /* CoinSArrow.sks */,
				9BDA81691CD5242200F474F8 /* Coin5Across.sks */,
				9BDA816B1CD5244A00F474F8 /* CoinDiagonal.sks */,
				9BDA816D1CD5247000F474F8 /* CoinCross.sks */,
				9BDA81711CD524EC00F474F8 /* CoinSDiagonal.sks */,
				9BDA81731CD5250900F474F8 /* CoinSCross.sks */,
				9BDA816F1CD524B700F474F8 /* CoinS5Across.sks */,
				9BDA81671CD523D900F474F8 /* BreakDiagonal.sks */,
				9BE136961CE7BC0F00036CB0 /* Coin.sks */,
				9BE136981CE7BCCD00036CB0 /* CoinSpecial.sks */,
			);
			name = Scenes;
			sourceTree = "<group>";
		};
		9B2E78721CDFAAF200C1223B /* GameState */ = {
			isa = PBXGroup;
			children = (
				9B2E786A1CDF9BE600C1223B /* WaitingForTap.swift */,
				9B2E786C1CDF9DDD00C1223B /* WaitingForBomb.swift */,
				9B2E786E1CDF9FD600C1223B /* Playing.swift */,
				9B2E78701CDFA9E100C1223B /* GameOver.swift */,
			);
			name = GameState;
			sourceTree = "<group>";
		};
		9B2E78731CDFAAFB00C1223B /* PlayerState */ = {
			isa = PBXGroup;
			children = (
				9B2E78741CDFAB2500C1223B /* PlayerIdle.swift */,
				9B2E78761CDFABBC00C1223B /* PlayerJump.swift */,
				9B2E78781CDFABE600C1223B /* PlayerFall.swift */,
				9B2E787A1CDFAC0000C1223B /* PlayerInLava.swift */,
				9B2E787C1CDFAC0800C1223B /* PlayerDead.swift */,
			);
			name = PlayerState;
			sourceTree = "<group>";
		};
		9B2E787E1CDFCF2F00C1223B /* Particles */ = {
			isa = PBXGroup;
			children = (
				9B2E787F1CDFCF5B00C1223B /* Lava.sks */,
				9B2E78801CDFCF5B00C1223B /* spark.png */,
				9B2E78831CDFFD8700C1223B /* SmokeTrail.sks */,
				9B2E78851CDFFFF200C1223B /* CollectNormal.sks */,
				9B2E78891CE003E400C1223B /* CollectSpecial.sks */,
				9B2E788B1CE0051200C1223B /* BrokenPlatform.sks */,
				9B319D8E1CE78F6C00F16ECF /* PlayerTrail.sks */,
				9B2E78871CE0002000C1223B /* Star.png */,
			);
			name = Particles;
			sourceTree = "<group>";
		};
		9B319DDA1CE7A16300F16ECF /* sounds */ = {
			isa = PBXGroup;
			children = (
				9B319DDB1CE7A17000F16ECF /* alarm.wav */,
				9B319DDC1CE7A17000F16ECF /* attribution.txt */,
				9B319DDD1CE7A17000F16ECF /* bgMusic.mp3 */,
				9B319DDE1CE7A17000F16ECF /* bombDrop.wav */,
				9B319DDF1CE7A17000F16ECF /* boost.wav */,
				9B319DE01CE7A17000F16ECF /* brick.caf */,
				9B319DE11CE7A17000F16ECF /* coin1.wav */,
				9B319DE21CE7A17000F16ECF /* coin4.wav */,
				9B319DE31CE7A17000F16ECF /* DrownFireBug.mp3 */,
				9B319DE41CE7A17000F16ECF /* explosion1.wav */,
				9B319DE51CE7A17000F16ECF /* explosion2.wav */,
				9B319DE61CE7A17000F16ECF /* explosion3.wav */,
				9B319DE71CE7A17000F16ECF /* explosion4.wav */,
				9B319DE81CE7A17000F16ECF /* jump.wav */,
				9B319DE91CE7A17000F16ECF /* nitro.wav */,
				9B319DEA1CE7A17000F16ECF /* player_die.wav */,
				9B319DEB1CE7A17000F16ECF /* SpaceGame.caf */,
				9B319DEC1CE7A17000F16ECF /* tickTock.wav */,
			);
			name = sounds;
			sourceTree = "<group>";
		};
		9B3E8D811CD450D4003438AC /* SKTUtils */ = {
			isa = PBXGroup;
			children = (
				9B3E8D821CD450D4003438AC /* CGFloat+Extensions.swift */,
				9B3E8D831CD450D4003438AC /* CGPoint+Extensions.swift */,
				9B3E8D841CD450D4003438AC /* CGVector+Extensions.swift */,
				9B3E8D851CD450D4003438AC /* Int+Extensions.swift */,
				9B3E8D861CD450D4003438AC /* SKAction+Extensions.swift */,
				9B3E8D871CD450D4003438AC /* SKAction+SpecialEffects.swift */,
				9B3E8D881CD450D4003438AC /* SKColor+Extensions.swift */,
				9B3E8D891CD450D4003438AC /* SKNode+Extensions.swift */,
				9B3E8D8A1CD450D4003438AC /* SKTAudio.swift */,
				9B3E8D8B1CD450D4003438AC /* SKTEffects.swift */,
				9B3E8D8C1CD450D4003438AC /* SKTTimingFunctions.swift */,
				9B3E8D8D1CD450D4003438AC /* Vector3.swift */,
			);
			path = SKTUtils;
			sourceTree = "<group>";
		};
/* End PBXGroup section */

/* Begin PBXNativeTarget section */
		9B1B6DA61CD2FDEB005D4BEA /* DropCharge */ = {
			isa = PBXNativeTarget;
			buildConfigurationList = 9B1B6DBD1CD2FDEB005D4BEA /* Build configuration list for PBXNativeTarget "DropCharge" */;
			buildPhases = (
				9B1B6DA31CD2FDEB005D4BEA /* Sources */,
				9B1B6DA41CD2FDEB005D4BEA /* Frameworks */,
				9B1B6DA51CD2FDEB005D4BEA /* Resources */,
			);
			buildRules = (
			);
			dependencies = (
			);
			name = DropCharge;
			productName = DropCharge;
			productReference = 9B1B6DA71CD2FDEB005D4BEA /* DropCharge.app */;
			productType = "com.apple.product-type.application";
		};
/* End PBXNativeTarget section */

/* Begin PBXProject section */
		9B1B6D9F1CD2FDEB005D4BEA /* Project object */ = {
			isa = PBXProject;
			attributes = {
				LastSwiftUpdateCheck = 0730;
				LastUpgradeCheck = 0730;
				ORGANIZATIONNAME = shilmista;
				TargetAttributes = {
					9B1B6DA61CD2FDEB005D4BEA = {
						CreatedOnToolsVersion = 7.3;
					};
				};
			};
			buildConfigurationList = 9B1B6DA21CD2FDEB005D4BEA /* Build configuration list for PBXProject "DropCharge" */;
			compatibilityVersion = "Xcode 3.2";
			developmentRegion = English;
			hasScannedForEncodings = 0;
			knownRegions = (
				en,
				Base,
			);
			mainGroup = 9B1B6D9E1CD2FDEB005D4BEA;
			productRefGroup = 9B1B6DA81CD2FDEB005D4BEA /* Products */;
			projectDirPath = "";
			projectRoot = "";
			targets = (
				9B1B6DA61CD2FDEB005D4BEA /* DropCharge */,
			);
		};
/* End PBXProject section */

/* Begin PBXResourcesBuildPhase section */
		9B1B6DA51CD2FDEB005D4BEA /* Resources */ = {
			isa = PBXResourcesBuildPhase;
			buildActionMask = 2147483647;
			files = (
				9B319DFA1CE7A17000F16ECF /* jump.wav in Resources */,
				9B319DF91CE7A17000F16ECF /* explosion4.wav in Resources */,
				9BDA816A1CD5242200F474F8 /* Coin5Across.sks in Resources */,
				9B319DFD1CE7A17000F16ECF /* SpaceGame.caf in Resources */,
				9B319DF01CE7A17000F16ECF /* bombDrop.wav in Resources */,
				9B2E78861CDFFFF200C1223B /* CollectNormal.sks in Resources */,
				9BDA81721CD524EC00F474F8 /* CoinSDiagonal.sks in Resources */,
				9B1B6DC21CD301C3005D4BEA /* Platform5Across.sks in Resources */,
				9B1B6DAD1CD2FDEB005D4BEA /* GameScene.sks in Resources */,
				9B319DF31CE7A17000F16ECF /* coin1.wav in Resources */,
				9B3E8D801CD44FEF003438AC /* CoinArrow.sks in Resources */,
				9B319DFC1CE7A17000F16ECF /* player_die.wav in Resources */,
				9B2E78821CDFCF5B00C1223B /* spark.png in Resources */,
				9B2E78881CE0002000C1223B /* Star.png in Resources */,
				9B1B6DB91CD2FDEB005D4BEA /* LaunchScreen.storyboard in Resources */,
				9B319D8F1CE78F6C00F16ECF /* PlayerTrail.sks in Resources */,
				9B319DF61CE7A17000F16ECF /* explosion1.wav in Resources */,
				9BDA816C1CD5244A00F474F8 /* CoinDiagonal.sks in Resources */,
				9BE136971CE7BC0F00036CB0 /* Coin.sks in Resources */,
				9B319DF21CE7A17000F16ECF /* brick.caf in Resources */,
				9BDA81681CD523D900F474F8 /* BreakDiagonal.sks in Resources */,
				9B2E78841CDFFD8700C1223B /* SmokeTrail.sks in Resources */,
				9BDA81661CD523AA00F474F8 /* BreakArrow.sks in Resources */,
				9B319DF81CE7A17000F16ECF /* explosion3.wav in Resources */,
				9B319DEE1CE7A17000F16ECF /* attribution.txt in Resources */,
				9B319DFB1CE7A17000F16ECF /* nitro.wav in Resources */,
				9B319DF41CE7A17000F16ECF /* coin4.wav in Resources */,
				9BDA81601CD5228E00F474F8 /* CoinSArrow.sks in Resources */,
				9B1B6DB61CD2FDEB005D4BEA /* Assets.xcassets in Resources */,
				9BDA81621CD522F100F474F8 /* PlatformArrow.sks in Resources */,
				9B2E788A1CE003E400C1223B /* CollectSpecial.sks in Resources */,
				9B319DEF1CE7A17000F16ECF /* bgMusic.mp3 in Resources */,
				9BDA81701CD524B700F474F8 /* CoinS5Across.sks in Resources */,
				9B319DFE1CE7A17000F16ECF /* tickTock.wav in Resources */,
				9BDA81641CD5233B00F474F8 /* PlatformDiagonal.sks in Resources */,
				9B319DED1CE7A17000F16ECF /* alarm.wav in Resources */,
				9BDA815E1CD5070D00F474F8 /* Break5Across.sks in Resources */,
				9B319DF51CE7A17000F16ECF /* DrownFireBug.mp3 in Resources */,
				9B319DF71CE7A17000F16ECF /* explosion2.wav in Resources */,
				9B319DF11CE7A17000F16ECF /* boost.wav in Resources */,
				9BDA81741CD5250900F474F8 /* CoinSCross.sks in Resources */,
				9BDA816E1CD5247000F474F8 /* CoinCross.sks in Resources */,
				9BE136991CE7BCCD00036CB0 /* CoinSpecial.sks in Resources */,
				9B2E788C1CE0051200C1223B /* BrokenPlatform.sks in Resources */,
				9B1B6DB41CD2FDEB005D4BEA /* Main.storyboard in Resources */,
				9B2E78811CDFCF5B00C1223B /* Lava.sks in Resources */,
			);
			runOnlyForDeploymentPostprocessing = 0;
		};
/* End PBXResourcesBuildPhase section */

/* Begin PBXSourcesBuildPhase section */
		9B1B6DA31CD2FDEB005D4BEA /* Sources */ = {
			isa = PBXSourcesBuildPhase;
			buildActionMask = 2147483647;
			files = (
				9B2E786F1CDF9FD600C1223B /* Playing.swift in Sources */,
				9B2E78711CDFA9E100C1223B /* GameOver.swift in Sources */,
				9B2E78751CDFAB2500C1223B /* PlayerIdle.swift in Sources */,
				9B1B6DAF1CD2FDEB005D4BEA /* GameScene.swift in Sources */,
				9B2E78771CDFABBC00C1223B /* PlayerJump.swift in Sources */,
				9B3E8D8F1CD450D4003438AC /* CGPoint+Extensions.swift in Sources */,
				9B2E787D1CDFAC0800C1223B /* PlayerDead.swift in Sources */,
				9B3E8D981CD450D4003438AC /* SKTTimingFunctions.swift in Sources */,
				9B2E78791CDFABE600C1223B /* PlayerFall.swift in Sources */,
				9B3E8D971CD450D4003438AC /* SKTEffects.swift in Sources */,
				9B3E8D931CD450D4003438AC /* SKAction+SpecialEffects.swift in Sources */,
				9B3E8D901CD450D4003438AC /* CGVector+Extensions.swift in Sources */,
				9B3E8D921CD450D4003438AC /* SKAction+Extensions.swift in Sources */,
				9B3E8D941CD450D4003438AC /* SKColor+Extensions.swift in Sources */,
				9B1B6DB11CD2FDEB005D4BEA /* GameViewController.swift in Sources */,
				9B3E8D911CD450D4003438AC /* Int+Extensions.swift in Sources */,
				9B2E786D1CDF9DDD00C1223B /* WaitingForBomb.swift in Sources */,
				9B2E787B1CDFAC0000C1223B /* PlayerInLava.swift in Sources */,
				9B3E8D951CD450D4003438AC /* SKNode+Extensions.swift in Sources */,
				9B3E8D961CD450D4003438AC /* SKTAudio.swift in Sources */,
				9B3E8D8E1CD450D4003438AC /* CGFloat+Extensions.swift in Sources */,
				9B2E786B1CDF9BE600C1223B /* WaitingForTap.swift in Sources */,
				9B3E8D991CD450D4003438AC /* Vector3.swift in Sources */,
				9B1B6DAB1CD2FDEB005D4BEA /* AppDelegate.swift in Sources */,
			);
			runOnlyForDeploymentPostprocessing = 0;
		};
/* End PBXSourcesBuildPhase section */

/* Begin PBXVariantGroup section */
		9B1B6DB21CD2FDEB005D4BEA /* Main.storyboard */ = {
			isa = PBXVariantGroup;
			children = (
				9B1B6DB31CD2FDEB005D4BEA /* Base */,
			);
			name = Main.storyboard;
			sourceTree = "<group>";
		};
		9B1B6DB71CD2FDEB005D4BEA /* LaunchScreen.storyboard */ = {
			isa = PBXVariantGroup;
			children = (
				9B1B6DB81CD2FDEB005D4BEA /* Base */,
			);
			name = LaunchScreen.storyboard;
			sourceTree = "<group>";
		};
/* End PBXVariantGroup section */

/* Begin XCBuildConfiguration section */
		9B1B6DBB1CD2FDEB005D4BEA /* Debug */ = {
			isa = XCBuildConfiguration;
			buildSettings = {
				ALWAYS_SEARCH_USER_PATHS = NO;
				CLANG_ANALYZER_NONNULL = YES;
				CLANG_CXX_LANGUAGE_STANDARD = "gnu++0x";
				CLANG_CXX_LIBRARY = "libc++";
				CLANG_ENABLE_MODULES = YES;
				CLANG_ENABLE_OBJC_ARC = YES;
				CLANG_WARN_BOOL_CONVERSION = YES;
				CLANG_WARN_CONSTANT_CONVERSION = YES;
				CLANG_WARN_DIRECT_OBJC_ISA_USAGE = YES_ERROR;
				CLANG_WARN_EMPTY_BODY = YES;
				CLANG_WARN_ENUM_CONVERSION = YES;
				CLANG_WARN_INT_CONVERSION = YES;
				CLANG_WARN_OBJC_ROOT_CLASS = YES_ERROR;
				CLANG_WARN_UNREACHABLE_CODE = YES;
				CLANG_WARN__DUPLICATE_METHOD_MATCH = YES;
				"CODE_SIGN_IDENTITY[sdk=iphoneos*]" = "iPhone Developer";
				COPY_PHASE_STRIP = NO;
				DEBUG_INFORMATION_FORMAT = "dwarf-with-dsym";
				ENABLE_STRICT_OBJC_MSGSEND = YES;
				ENABLE_TESTABILITY = YES;
				GCC_C_LANGUAGE_STANDARD = gnu99;
				GCC_DYNAMIC_NO_PIC = NO;
				GCC_NO_COMMON_BLOCKS = YES;
				GCC_OPTIMIZATION_LEVEL = 0;
				GCC_PREPROCESSOR_DEFINITIONS = (
					"DEBUG=1",
					"$(inherited)",
				);
				GCC_WARN_64_TO_32_BIT_CONVERSION = YES;
				GCC_WARN_ABOUT_RETURN_TYPE = YES_ERROR;
				GCC_WARN_UNDECLARED_SELECTOR = YES;
				GCC_WARN_UNINITIALIZED_AUTOS = YES_AGGRESSIVE;
				GCC_WARN_UNUSED_FUNCTION = YES;
				GCC_WARN_UNUSED_VARIABLE = YES;
				IPHONEOS_DEPLOYMENT_TARGET = 9.3;
				MTL_ENABLE_DEBUG_INFO = YES;
				ONLY_ACTIVE_ARCH = YES;
				SDKROOT = iphoneos;
				SWIFT_OPTIMIZATION_LEVEL = "-Onone";
				TARGETED_DEVICE_FAMILY = "1,2";
			};
			name = Debug;
		};
		9B1B6DBC1CD2FDEB005D4BEA /* Release */ = {
			isa = XCBuildConfiguration;
			buildSettings = {
				ALWAYS_SEARCH_USER_PATHS = NO;
				CLANG_ANALYZER_NONNULL = YES;
				CLANG_CXX_LANGUAGE_STANDARD = "gnu++0x";
				CLANG_CXX_LIBRARY = "libc++";
				CLANG_ENABLE_MODULES = YES;
				CLANG_ENABLE_OBJC_ARC = YES;
				CLANG_WARN_BOOL_CONVERSION = YES;
				CLANG_WARN_CONSTANT_CONVERSION = YES;
				CLANG_WARN_DIRECT_OBJC_ISA_USAGE = YES_ERROR;
				CLANG_WARN_EMPTY_BODY = YES;
				CLANG_WARN_ENUM_CONVERSION = YES;
				CLANG_WARN_INT_CONVERSION = YES;
				CLANG_WARN_OBJC_ROOT_CLASS = YES_ERROR;
				CLANG_WARN_UNREACHABLE_CODE = YES;
				CLANG_WARN__DUPLICATE_METHOD_MATCH = YES;
				"CODE_SIGN_IDENTITY[sdk=iphoneos*]" = "iPhone Developer";
				COPY_PHASE_STRIP = NO;
				DEBUG_INFORMATION_FORMAT = "dwarf-with-dsym";
				ENABLE_NS_ASSERTIONS = NO;
				ENABLE_STRICT_OBJC_MSGSEND = YES;
				GCC_C_LANGUAGE_STANDARD = gnu99;
				GCC_NO_COMMON_BLOCKS = YES;
				GCC_WARN_64_TO_32_BIT_CONVERSION = YES;
				GCC_WARN_ABOUT_RETURN_TYPE = YES_ERROR;
				GCC_WARN_UNDECLARED_SELECTOR = YES;
				GCC_WARN_UNINITIALIZED_AUTOS = YES_AGGRESSIVE;
				GCC_WARN_UNUSED_FUNCTION = YES;
				GCC_WARN_UNUSED_VARIABLE = YES;
				IPHONEOS_DEPLOYMENT_TARGET = 9.3;
				MTL_ENABLE_DEBUG_INFO = NO;
				SDKROOT = iphoneos;
				TARGETED_DEVICE_FAMILY = "1,2";
				VALIDATE_PRODUCT = YES;
			};
			name = Release;
		};
		9B1B6DBE1CD2FDEB005D4BEA /* Debug */ = {
			isa = XCBuildConfiguration;
			buildSettings = {
				ASSETCATALOG_COMPILER_APPICON_NAME = AppIcon;
				INFOPLIST_FILE = DropCharge/Info.plist;
				LD_RUNPATH_SEARCH_PATHS = "$(inherited) @executable_path/Frameworks";
				PRODUCT_BUNDLE_IDENTIFIER = com.shilmista.DropCharge;
				PRODUCT_NAME = "$(TARGET_NAME)";
			};
			name = Debug;
		};
		9B1B6DBF1CD2FDEB005D4BEA /* Release */ = {
			isa = XCBuildConfiguration;
			buildSettings = {
				ASSETCATALOG_COMPILER_APPICON_NAME = AppIcon;
				INFOPLIST_FILE = DropCharge/Info.plist;
				LD_RUNPATH_SEARCH_PATHS = "$(inherited) @executable_path/Frameworks";
				PRODUCT_BUNDLE_IDENTIFIER = com.shilmista.DropCharge;
				PRODUCT_NAME = "$(TARGET_NAME)";
			};
			name = Release;
		};
/* End XCBuildConfiguration section */

/* Begin XCConfigurationList section */
		9B1B6DA21CD2FDEB005D4BEA /* Build configuration list for PBXProject "DropCharge" */ = {
			isa = XCConfigurationList;
			buildConfigurations = (
				9B1B6DBB1CD2FDEB005D4BEA /* Debug */,
				9B1B6DBC1CD2FDEB005D4BEA /* Release */,
			);
			defaultConfigurationIsVisible = 0;
			defaultConfigurationName = Release;
		};
		9B1B6DBD1CD2FDEB005D4BEA /* Build configuration list for PBXNativeTarget "DropCharge" */ = {
			isa = XCConfigurationList;
			buildConfigurations = (
				9B1B6DBE1CD2FDEB005D4BEA /* Debug */,
				9B1B6DBF1CD2FDEB005D4BEA /* Release */,
			);
			defaultConfigurationIsVisible = 0;
			defaultConfigurationName = Release;
		};
/* End XCConfigurationList section */
	};
	rootObject = 9B1B6D9F1CD2FDEB005D4BEA /* Project object */;
}
